
Microsoft Visual Studio Solution File, Format Version 12.00
# Visual Studio 15
VisualStudioVersion = 15.0.28010.0
MinimumVisualStudioVersion = 10.0.40219.1
Project("{FAE04EC0-301F-11D3-BF4B-00C04F79EFBC}") = "StudyAdministration", "StudyAdministration\StudyAdministration.csproj", "{C5EC6BB8-023A-4D36-8AE5-9F1E801DB9B3}"
EndProject
Global
	GlobalSection(SolutionConfigurationPlatforms) = preSolution
		Debug|Any CPU = Debug|Any CPU
		Release|Any CPU = Release|Any CPU
	EndGlobalSection
	GlobalSection(ProjectConfigurationPlatforms) = postSolution
		{C5EC6BB8-023A-4D36-8AE5-9F1E801DB9B3}.Debug|Any CPU.ActiveCfg = Debug|Any CPU
		{C5EC6BB8-023A-4D36-8AE5-9F1E801DB9B3}.Debug|Any CPU.Build.0 = Debug|Any CPU
		{C5EC6BB8-023A-4D36-8AE5-9F1E801DB9B3}.Release|Any CPU.ActiveCfg = Release|Any CPU
		{C5EC6BB8-023A-4D36-8AE5-9F1E801DB9B3}.Release|Any CPU.Build.0 = Release|Any CPU
	EndGlobalSection
	GlobalSection(SolutionProperties) = preSolution
		HideSolutionNode = FALSE
	EndGlobalSection
	GlobalSection(ExtensibilityGlobals) = postSolution
		SolutionGuid = {EA6AE73E-63CE-4103-9AF8-5BAD5C67FB0D}
	EndGlobalSection
EndGlobal
